{
  "name": "alittlesense",
  "version": "1.0.0",
  "lockfileVersion": 3,
  "requires": true,
  "packages": {
    "": {
      "name": "alittlesense",
      "version": "1.0.0",
      "license": "ISC",
      "dependencies": {
        "@quasibit/eleventy-plugin-sitemap": "^2.2.0"
      }
    },
    "node_modules/@quasibit/eleventy-plugin-sitemap": {
      "version": "2.2.0",
      "resolved": "https://registry.npmjs.org/@quasibit/eleventy-plugin-sitemap/-/eleventy-plugin-sitemap-2.2.0.tgz",
      "integrity": "sha512-7YoU4jjipLjifBhZwttLWbAAkImmBfeMQ0+1ST6mJO45z2mFLHZcgnfHwGF2joNk74wiYNsNOB1ennouzQFZIQ==",
      "dependencies": {
        "array-flat-polyfill": "^1.0.1",
        "sitemap": "^6.3.2"
      },
      "engines": {
        "node": ">=10.0.0"
      }
    },
    "node_modules/@types/node": {
      "version": "14.18.63",
      "resolved": "https://registry.npmjs.org/@types/node/-/node-14.18.63.tgz",
      "integrity": "sha512-fAtCfv4jJg+ExtXhvCkCqUKZ+4ok/JQk01qDKhL5BDDoS3AxKXhV5/MAVUZyQnSEd2GT92fkgZl0pz0Q0AzcIQ=="
    },
    "node_modules/@types/sax": {
      "version": "1.2.7",
      "resolved": "https://registry.npmjs.org/@types/sax/-/sax-1.2.7.tgz",
      "integrity": "sha512-rO73L89PJxeYM3s3pPPjiPgVVcymqU490g0YO5n5By0k2Erzj6tay/4lr1CHAAU4JyOWd1rpQ8bCf6cZfHU96A==",
      "dependencies": {
        "@types/node": "*"
      }
    },
    "node_modules/arg": {
      "version": "5.0.2",
      "resolved": "https://registry.npmjs.org/arg/-/arg-5.0.2.tgz",
      "integrity": "sha512-PYjyFOLKQ9y57JvQ6QLo8dAgNqswh8M1RMJYdQduT6xbWSgK36P/Z/v+p888pM69jMMfS8Xd8F6I1kQ/I9HUGg=="
    },
    "node_modules/array-flat-polyfill": {
      "version": "1.0.1",
      "resolved": "https://registry.npmjs.org/array-flat-polyfill/-/array-flat-polyfill-1.0.1.tgz",
      "integrity": "sha512-hfJmKupmQN0lwi0xG6FQ5U8Rd97RnIERplymOv/qpq8AoNKPPAnxJadjFA23FNWm88wykh9HmpLJUUwUtNU/iw==",
      "engines": {
        "node": ">=6.0.0"
      }
    },
    "node_modules/sax": {
      "version": "1.4.3",
      "resolved": "https://registry.npmjs.org/sax/-/sax-1.4.3.tgz",
      "integrity": "sha512-yqYn1JhPczigF94DMS+shiDMjDowYO6y9+wB/4WgO0Y19jWYk0lQ4tuG5KI7kj4FTp1wxPj5IFfcrz/s1c3jjQ=="
    },
    "node_modules/sitemap": {
      "version": "6.4.0",
      "resolved": "https://registry.npmjs.org/sitemap/-/sitemap-6.4.0.tgz",
      "integrity": "sha512-DoPKNc2/apQZTUnfiOONWctwq7s6dZVspxAZe2VPMNtoqNq7HgXRvlRnbIpKjf+8+piQdWncwcy+YhhTGY5USQ==",
      "dependencies": {
        "@types/node": "^14.14.28",
        "@types/sax": "^1.2.1",
        "arg": "^5.0.0",
        "sax": "^1.2.4"
      },
      "bin": {
        "sitemap": "dist/cli.js"
      },
      "engines": {
        "node": ">=10.3.0",
        "npm": ">=5.6.0"
      }
    }
  }
}
